
Microsoft Visual Studio Solution File, Format Version 10.00
# Visual Studio 2008
Project("{FAE04EC0-301F-11D3-BF4B-00C04F79EFBC}") = "UserInterface", "UserInterface.csproj", "{1C54A46B-818E-482E-899D-B5A01FF38DAE}"
EndProject
Global
	GlobalSection(SolutionConfigurationPlatforms) = preSolution
		Debug|Any CPU = Debug|Any CPU
		Release|Any CPU = Release|Any CPU
	EndGlobalSection
	GlobalSection(ProjectConfigurationPlatforms) = postSolution
		{1C54A46B-818E-482E-899D-B5A01FF38DAE}.Debug|Any CPU.ActiveCfg = Debug|Any CPU
		{1C54A46B-818E-482E-899D-B5A01FF38DAE}.Debug|Any CPU.Build.0 = Debug|Any CPU
		{1C54A46B-818E-482E-899D-B5A01FF38DAE}.Release|Any CPU.ActiveCfg = Release|Any CPU
		{1C54A46B-818E-482E-899D-B5A01FF38DAE}.Release|Any CPU.Build.0 = Release|Any CPU
	EndGlobalSection
	GlobalSection(SolutionProperties) = preSolution
		HideSolutionNode = FALSE
	EndGlobalSection
EndGlobal
