
Microsoft Visual Studio Solution File, Format Version 10.00
# Visual Studio 2008
Project("{FAE04EC0-301F-11D3-BF4B-00C04F79EFBC}") = "Initializer", "Initializer.csproj", "{F4D4766A-0113-4273-9C38-9995890698CF}"
EndProject
Global
	GlobalSection(SolutionConfigurationPlatforms) = preSolution
		Debug|Any CPU = Debug|Any CPU
		Release|Any CPU = Release|Any CPU
	EndGlobalSection
	GlobalSection(ProjectConfigurationPlatforms) = postSolution
		{F4D4766A-0113-4273-9C38-9995890698CF}.Debug|Any CPU.ActiveCfg = Debug|Any CPU
		{F4D4766A-0113-4273-9C38-9995890698CF}.Debug|Any CPU.Build.0 = Debug|Any CPU
		{F4D4766A-0113-4273-9C38-9995890698CF}.Release|Any CPU.ActiveCfg = Release|Any CPU
		{F4D4766A-0113-4273-9C38-9995890698CF}.Release|Any CPU.Build.0 = Release|Any CPU
	EndGlobalSection
	GlobalSection(SolutionProperties) = preSolution
		HideSolutionNode = FALSE
	EndGlobalSection
EndGlobal
