
Microsoft Visual Studio Solution File, Format Version 10.00
# Visual Studio 2008
Project("{FAE04EC0-301F-11D3-BF4B-00C04F79EFBC}") = "MyWCL", "MyWCL.csproj", "{DCDF7248-409A-48DE-9B96-E0A1ABAB588E}"
EndProject
Global
	GlobalSection(SolutionConfigurationPlatforms) = preSolution
		Debug|Any CPU = Debug|Any CPU
		Release|Any CPU = Release|Any CPU
	EndGlobalSection
	GlobalSection(ProjectConfigurationPlatforms) = postSolution
		{DCDF7248-409A-48DE-9B96-E0A1ABAB588E}.Debug|Any CPU.ActiveCfg = Debug|Any CPU
		{DCDF7248-409A-48DE-9B96-E0A1ABAB588E}.Debug|Any CPU.Build.0 = Debug|Any CPU
		{DCDF7248-409A-48DE-9B96-E0A1ABAB588E}.Release|Any CPU.ActiveCfg = Release|Any CPU
		{DCDF7248-409A-48DE-9B96-E0A1ABAB588E}.Release|Any CPU.Build.0 = Release|Any CPU
	EndGlobalSection
	GlobalSection(SolutionProperties) = preSolution
		HideSolutionNode = FALSE
	EndGlobalSection
EndGlobal
