
Microsoft Visual Studio Solution File, Format Version 10.00
# Visual Studio 2008
Project("{FAE04EC0-301F-11D3-BF4B-00C04F79EFBC}") = "TestPolymorphic", "TestPolymorphic.csproj", "{42365777-ADC9-4855-A061-CFA7B34B1539}"
EndProject
Global
	GlobalSection(SolutionConfigurationPlatforms) = preSolution
		Debug|Any CPU = Debug|Any CPU
		Release|Any CPU = Release|Any CPU
	EndGlobalSection
	GlobalSection(ProjectConfigurationPlatforms) = postSolution
		{42365777-ADC9-4855-A061-CFA7B34B1539}.Debug|Any CPU.ActiveCfg = Debug|Any CPU
		{42365777-ADC9-4855-A061-CFA7B34B1539}.Debug|Any CPU.Build.0 = Debug|Any CPU
		{42365777-ADC9-4855-A061-CFA7B34B1539}.Release|Any CPU.ActiveCfg = Release|Any CPU
		{42365777-ADC9-4855-A061-CFA7B34B1539}.Release|Any CPU.Build.0 = Release|Any CPU
	EndGlobalSection
	GlobalSection(SolutionProperties) = preSolution
		HideSolutionNode = FALSE
	EndGlobalSection
EndGlobal
