
Microsoft Visual Studio Solution File, Format Version 10.00
# Visual Studio 2008
Project("{FAE04EC0-301F-11D3-BF4B-00C04F79EFBC}") = "Process1", "Process1.csproj", "{F976A228-D1AA-4429-A409-7BFE0D20C04D}"
EndProject
Global
	GlobalSection(SolutionConfigurationPlatforms) = preSolution
		Debug|Any CPU = Debug|Any CPU
		Release|Any CPU = Release|Any CPU
	EndGlobalSection
	GlobalSection(ProjectConfigurationPlatforms) = postSolution
		{F976A228-D1AA-4429-A409-7BFE0D20C04D}.Debug|Any CPU.ActiveCfg = Debug|Any CPU
		{F976A228-D1AA-4429-A409-7BFE0D20C04D}.Debug|Any CPU.Build.0 = Debug|Any CPU
		{F976A228-D1AA-4429-A409-7BFE0D20C04D}.Release|Any CPU.ActiveCfg = Release|Any CPU
		{F976A228-D1AA-4429-A409-7BFE0D20C04D}.Release|Any CPU.Build.0 = Release|Any CPU
	EndGlobalSection
	GlobalSection(SolutionProperties) = preSolution
		HideSolutionNode = FALSE
	EndGlobalSection
EndGlobal
